// !$*UTF8*$!
{
	archiveVersion = 1;
	classes = {
	};
	objectVersion = 48;
	objects = {

/* Begin PBXBuildFile section */
		EC39A03E20C7C41900807D84 /* AppDelegate.swift in Sources */ = {isa = PBXBuildFile; fileRef = EC39A03D20C7C41900807D84 /* AppDelegate.swift */; };
		EC39A04020C7C41900807D84 /* ViewController.swift in Sources */ = {isa = PBXBuildFile; fileRef = EC39A03F20C7C41900807D84 /* ViewController.swift */; };
		EC39A04320C7C41900807D84 /* Main.storyboard in Resources */ = {isa = PBXBuildFile; fileRef = EC39A04120C7C41900807D84 /* Main.storyboard */; };
		EC39A04520C7C41900807D84 /* Assets.xcassets in Resources */ = {isa = PBXBuildFile; fileRef = EC39A04420C7C41900807D84 /* Assets.xcassets */; };
		EC39A04820C7C41900807D84 /* LaunchScreen.storyboard in Resources */ = {isa = PBXBuildFile; fileRef = EC39A04620C7C41900807D84 /* LaunchScreen.storyboard */; };
		EC39A05320C7C41900807D84 /* SampleTests.swift in Sources */ = {isa = PBXBuildFile; fileRef = EC39A05220C7C41900807D84 /* SampleTests.swift */; };
		EC39A05E20C7C41900807D84 /* SampleUITests.swift in Sources */ = {isa = PBXBuildFile; fileRef = EC39A05D20C7C41900807D84 /* SampleUITests.swift */; };
/* End PBXBuildFile section */

/* Begin PBXContainerItemProxy section */
		EC39A04F20C7C41900807D84 /* PBXContainerItemProxy */ = {
			isa = PBXContainerItemProxy;
			containerPortal = EC39A03220C7C41900807D84 /* Project object */;
			proxyType = 1;
			remoteGlobalIDString = EC39A03920C7C41900807D84;
			remoteInfo = Sample;
		};
		EC39A05A20C7C41900807D84 /* PBXContainerItemProxy */ = {
			isa = PBXContainerItemProxy;
			containerPortal = EC39A03220C7C41900807D84 /* Project object */;
			proxyType = 1;
			remoteGlobalIDString = EC39A03920C7C41900807D84;
			remoteInfo = Sample;
		};
/* End PBXContainerItemProxy section */

/* Begin PBXFileReference section */
		EC39A03A20C7C41900807D84 /* Sample.app */ = {isa = PBXFileReference; explicitFileType = wrapper.application; includeInIndex = 0; path = Sample.app; sourceTree = BUILT_PRODUCTS_DIR; };
		EC39A03D20C7C41900807D84 /* AppDelegate.swift */ = {isa = PBXFileReference; lastKnownFileType = sourcecode.swift; path = AppDelegate.swift; sourceTree = "<group>"; };
		EC39A03F20C7C41900807D84 /* ViewController.swift */ = {isa = PBXFileReference; lastKnownFileType = sourcecode.swift; path = ViewController.swift; sourceTree = "<group>"; };
		EC39A04220C7C41900807D84 /* Base */ = {isa = PBXFileReference; lastKnownFileType = file.storyboard; name = Base; path = Base.lproj/Main.storyboard; sourceTree = "<group>"; };
		EC39A04420C7C41900807D84 /* Assets.xcassets */ = {isa = PBXFileReference; lastKnownFileType = folder.assetcatalog; path = Assets.xcassets; sourceTree = "<group>"; };
		EC39A04720C7C41900807D84 /* Base */ = {isa = PBXFileReference; lastKnownFileType = file.storyboard; name = Base; path = Base.lproj/LaunchScreen.storyboard; sourceTree = "<group>"; };
		EC39A04920C7C41900807D84 /* Info.plist */ = {isa = PBXFileReference; lastKnownFileType = text.plist.xml; path = Info.plist; sourceTree = "<group>"; };
		EC39A04E20C7C41900807D84 /* SampleTests.xctest */ = {isa = PBXFileReference; explicitFileType = wrapper.cfbundle; includeInIndex = 0; path = SampleTests.xctest; sourceTree = BUILT_PRODUCTS_DIR; };
		EC39A05220C7C41900807D84 /* SampleTests.swift */ = {isa = PBXFileReference; lastKnownFileType = sourcecode.swift; path = SampleTests.swift; sourceTree = "<group>"; };
		EC39A05420C7C41900807D84 /* Info.plist */ = {isa = PBXFileReference; lastKnownFileType = text.plist.xml; path = Info.plist; sourceTree = "<group>"; };
		EC39A05920C7C41900807D84 /* SampleUITests.xctest */ = {isa = PBXFileReference; explicitFileType = wrapper.cfbundle; includeInIndex = 0; path = SampleUITests.xctest; sourceTree = BUILT_PRODUCTS_DIR; };
		EC39A05D20C7C41900807D84 /* SampleUITests.swift */ = {isa = PBXFileReference; lastKnownFileType = sourcecode.swift; path = SampleUITests.swift; sourceTree = "<group>"; };
		EC39A05F20C7C41900807D84 /* Info.plist */ = {isa = PBXFileReference; lastKnownFileType = text.plist.xml; path = Info.plist; sourceTree = "<group>"; };
/* End PBXFileReference section */

/* Begin PBXFrameworksBuildPhase section */
		EC39A03720C7C41900807D84 /* Frameworks */ = {
			isa = PBXFrameworksBuildPhase;
			buildActionMask = 2147483647;
			files = (
			);
			runOnlyForDeploymentPostprocessing = 0;
		};
		EC39A04B20C7C41900807D84 /* Frameworks */ = {
			isa = PBXFrameworksBuildPhase;
			buildActionMask = 2147483647;
			files = (
			);
			runOnlyForDeploymentPostprocessing = 0;
		};
		EC39A05620C7C41900807D84 /* Frameworks */ = {
			isa = PBXFrameworksBuildPhase;
			buildActionMask = 2147483647;
			files = (
			);
			runOnlyForDeploymentPostprocessing = 0;
		};
/* End PBXFrameworksBuildPhase section */

/* Begin PBXGroup section */
		EC39A03120C7C41900807D84 = {
			isa = PBXGroup;
			children = (
				EC39A03C20C7C41900807D84 /* Sample */,
				EC39A05120C7C41900807D84 /* SampleTests */,
				EC39A05C20C7C41900807D84 /* SampleUITests */,
				EC39A03B20C7C41900807D84 /* Products */,
			);
			sourceTree = "<group>";
		};
		EC39A03B20C7C41900807D84 /* Products */ = {
			isa = PBXGroup;
			children = (
				EC39A03A20C7C41900807D84 /* Sample.app */,
				EC39A04E20C7C41900807D84 /* SampleTests.xctest */,
				EC39A05920C7C41900807D84 /* SampleUITests.xctest */,
			);
			name = Products;
			sourceTree = "<group>";
		};
		EC39A03C20C7C41900807D84 /* Sample */ = {
			isa = PBXGroup;
			children = (
				EC39A03D20C7C41900807D84 /* AppDelegate.swift */,
				EC39A03F20C7C41900807D84 /* ViewController.swift */,
				EC39A04120C7C41900807D84 /* Main.storyboard */,
				EC39A04420C7C41900807D84 /* Assets.xcassets */,
				EC39A04620C7C41900807D84 /* LaunchScreen.storyboard */,
				EC39A04920C7C41900807D84 /* Info.plist */,
			);
			path = Sample;
			sourceTree = "<group>";
		};
		EC39A05120C7C41900807D84 /* SampleTests */ = {
			isa = PBXGroup;
			children = (
				EC39A05220C7C41900807D84 /* SampleTests.swift */,
				EC39A05420C7C41900807D84 /* Info.plist */,
			);
			path = SampleTests;
			sourceTree = "<group>";
		};
		EC39A05C20C7C41900807D84 /* SampleUITests */ = {
			isa = PBXGroup;
			children = (
				EC39A05D20C7C41900807D84 /* SampleUITests.swift */,
				EC39A05F20C7C41900807D84 /* Info.plist */,
			);
			path = SampleUITests;
			sourceTree = "<group>";
		};
/* End PBXGroup section */

/* Begin PBXNativeTarget section */
		EC39A03920C7C41900807D84 /* Sample */ = {
			isa = PBXNativeTarget;
			buildConfigurationList = EC39A06220C7C41900807D84 /* Build configuration list for PBXNativeTarget "Sample" */;
			buildPhases = (
				EC39A03620C7C41900807D84 /* Sources */,
				EC39A03720C7C41900807D84 /* Frameworks */,
				EC39A03820C7C41900807D84 /* Resources */,
			);
			buildRules = (
			);
			dependencies = (
			);
			name = Sample;
			productName = Sample;
			productReference = EC39A03A20C7C41900807D84 /* Sample.app */;
			productType = "com.apple.product-type.application";
		};
		EC39A04D20C7C41900807D84 /* SampleTests */ = {
			isa = PBXNativeTarget;
			buildConfigurationList = EC39A06520C7C41900807D84 /* Build configuration list for PBXNativeTarget "SampleTests" */;
			buildPhases = (
				EC39A04A20C7C41900807D84 /* Sources */,
				EC39A04B20C7C41900807D84 /* Frameworks */,
				EC39A04C20C7C41900807D84 /* Resources */,
			);
			buildRules = (
			);
			dependencies = (
				EC39A05020C7C41900807D84 /* PBXTargetDependency */,
			);
			name = SampleTests;
			productName = SampleTests;
			productReference = EC39A04E20C7C41900807D84 /* SampleTests.xctest */;
			productType = "com.apple.product-type.bundle.unit-test";
		};
		EC39A05820C7C41900807D84 /* SampleUITests */ = {
			isa = PBXNativeTarget;
			buildConfigurationList = EC39A06820C7C41900807D84 /* Build configuration list for PBXNativeTarget "SampleUITests" */;
			buildPhases = (
				EC39A05520C7C41900807D84 /* Sources */,
				EC39A05620C7C41900807D84 /* Frameworks */,
				EC39A05720C7C41900807D84 /* Resources */,
			);
			buildRules = (
			);
			dependencies = (
				EC39A05B20C7C41900807D84 /* PBXTargetDependency */,
			);
			name = SampleUITests;
			productName = SampleUITests;
			productReference = EC39A05920C7C41900807D84 /* SampleUITests.xctest */;
			productType = "com.apple.product-type.bundle.ui-testing";
		};
/* End PBXNativeTarget section */

/* Begin PBXProject section */
		EC39A03220C7C41900807D84 /* Project object */ = {
			isa = PBXProject;
			attributes = {
				LastSwiftUpdateCheck = 0920;
				LastUpgradeCheck = 0920;
				ORGANIZATIONNAME = "Velmurugan Thangavelu";
				TargetAttributes = {
					EC39A03920C7C41900807D84 = {
						CreatedOnToolsVersion = 9.2;
						ProvisioningStyle = Automatic;
					};
					EC39A04D20C7C41900807D84 = {
						CreatedOnToolsVersion = 9.2;
						ProvisioningStyle = Automatic;
						TestTargetID = EC39A03920C7C41900807D84;
					};
					EC39A05820C7C41900807D84 = {
						CreatedOnToolsVersion = 9.2;
						ProvisioningStyle = Automatic;
						TestTargetID = EC39A03920C7C41900807D84;
					};
				};
			};
			buildConfigurationList = EC39A03520C7C41900807D84 /* Build configuration list for PBXProject "Sample" */;
			compatibilityVersion = "Xcode 8.0";
			developmentRegion = en;
			hasScannedForEncodings = 0;
			knownRegions = (
				en,
				Base,
			);
			mainGroup = EC39A03120C7C41900807D84;
			productRefGroup = EC39A03B20C7C41900807D84 /* Products */;
			projectDirPath = "";
			projectRoot = "";
			targets = (
				EC39A03920C7C41900807D84 /* Sample */,
				EC39A04D20C7C41900807D84 /* SampleTests */,
				EC39A05820C7C41900807D84 /* SampleUITests */,
			);
		};
/* End PBXProject section */

/* Begin PBXResourcesBuildPhase section */
		EC39A03820C7C41900807D84 /* Resources */ = {
			isa = PBXResourcesBuildPhase;
			buildActionMask = 2147483647;
			files = (
				EC39A04820C7C41900807D84 /* LaunchScreen.storyboard in Resources */,
				EC39A04520C7C41900807D84 /* Assets.xcassets in Resources */,
				EC39A04320C7C41900807D84 /* Main.storyboard in Resources */,
			);
			runOnlyForDeploymentPostprocessing = 0;
		};
		EC39A04C20C7C41900807D84 /* Resources */ = {
			isa = PBXResourcesBuildPhase;
			buildActionMask = 2147483647;
			files = (
			);
			runOnlyForDeploymentPostprocessing = 0;
		};
		EC39A05720C7C41900807D84 /* Resources */ = {
			isa = PBXResourcesBuildPhase;
			buildActionMask = 2147483647;
			files = (
			);
			runOnlyForDeploymentPostprocessing = 0;
		};
/* End PBXResourcesBuildPhase section */

/* Begin PBXSourcesBuildPhase section */
		EC39A03620C7C41900807D84 /* Sources */ = {
			isa = PBXSourcesBuildPhase;
			buildActionMask = 2147483647;
			files = (
				EC39A04020C7C41900807D84 /* ViewController.swift in Sources */,
				EC39A03E20C7C41900807D84 /* AppDelegate.swift in Sources */,
			);
			runOnlyForDeploymentPostprocessing = 0;
		};
		EC39A04A20C7C41900807D84 /* Sources */ = {
			isa = PBXSourcesBuildPhase;
			buildActionMask = 2147483647;
			files = (
				EC39A05320C7C41900807D84 /* SampleTests.swift in Sources */,
			);
			runOnlyForDeploymentPostprocessing = 0;
		};
		EC39A05520C7C41900807D84 /* Sources */ = {
			isa = PBXSourcesBuildPhase;
			buildActionMask = 2147483647;
			files = (
				EC39A05E20C7C41900807D84 /* SampleUITests.swift in Sources */,
			);
			runOnlyForDeploymentPostprocessing = 0;
		};
/* End PBXSourcesBuildPhase section */

/* Begin PBXTargetDependency section */
		EC39A05020C7C41900807D84 /* PBXTargetDependency */ = {
			isa = PBXTargetDependency;
			target = EC39A03920C7C41900807D84 /* Sample */;
			targetProxy = EC39A04F20C7C41900807D84 /* PBXContainerItemProxy */;
		};
		EC39A05B20C7C41900807D84 /* PBXTargetDependency */ = {
			isa = PBXTargetDependency;
			target = EC39A03920C7C41900807D84 /* Sample */;
			targetProxy = EC39A05A20C7C41900807D84 /* PBXContainerItemProxy */;
		};
/* End PBXTargetDependency section */

/* Begin PBXVariantGroup section */
		EC39A04120C7C41900807D84 /* Main.storyboard */ = {
			isa = PBXVariantGroup;
			children = (
				EC39A04220C7C41900807D84 /* Base */,
			);
			name = Main.storyboard;
			sourceTree = "<group>";
		};
		EC39A04620C7C41900807D84 /* LaunchScreen.storyboard */ = {
			isa = PBXVariantGroup;
			children = (
				EC39A04720C7C41900807D84 /* Base */,
			);
			name = LaunchScreen.storyboard;
			sourceTree = "<group>";
		};
/* End PBXVariantGroup section */

/* Begin XCBuildConfiguration section */
		EC39A06020C7C41900807D84 /* Debug */ = {
			isa = XCBuildConfiguration;
			buildSettings = {
				ALWAYS_SEARCH_USER_PATHS = NO;
				CLANG_ANALYZER_NONNULL = YES;
				CLANG_ANALYZER_NUMBER_OBJECT_CONVERSION = YES_AGGRESSIVE;
				CLANG_CXX_LANGUAGE_STANDARD = "gnu++14";
				CLANG_CXX_LIBRARY = "libc++";
				CLANG_ENABLE_MODULES = YES;
				CLANG_ENABLE_OBJC_ARC = YES;
				CLANG_WARN_BLOCK_CAPTURE_AUTORELEASING = YES;
				CLANG_WARN_BOOL_CONVERSION = YES;
				CLANG_WARN_COMMA = YES;
				CLANG_WARN_CONSTANT_CONVERSION = YES;
				CLANG_WARN_DIRECT_OBJC_ISA_USAGE = YES_ERROR;
				CLANG_WARN_DOCUMENTATION_COMMENTS = YES;
				CLANG_WARN_EMPTY_BODY = YES;
				CLANG_WARN_ENUM_CONVERSION = YES;
				CLANG_WARN_INFINITE_RECURSION = YES;
				CLANG_WARN_INT_CONVERSION = YES;
				CLANG_WARN_NON_LITERAL_NULL_CONVERSION = YES;
				CLANG_WARN_OBJC_LITERAL_CONVERSION = YES;
				CLANG_WARN_OBJC_ROOT_CLASS = YES_ERROR;
				CLANG_WARN_RANGE_LOOP_ANALYSIS = YES;
				CLANG_WARN_STRICT_PROTOTYPES = YES;
				CLANG_WARN_SUSPICIOUS_MOVE = YES;
				CLANG_WARN_UNGUARDED_AVAILABILITY = YES_AGGRESSIVE;
				CLANG_WARN_UNREACHABLE_CODE = YES;
				CLANG_WARN__DUPLICATE_METHOD_MATCH = YES;
				CODE_SIGN_IDENTITY = "iPhone Developer";
				COPY_PHASE_STRIP = NO;
				DEBUG_INFORMATION_FORMAT = dwarf;
				ENABLE_STRICT_OBJC_MSGSEND = YES;
				ENABLE_TESTABILITY = YES;
				GCC_C_LANGUAGE_STANDARD = gnu11;
				GCC_DYNAMIC_NO_PIC = NO;
				GCC_NO_COMMON_BLOCKS = YES;
				GCC_OPTIMIZATION_LEVEL = 0;
				GCC_PREPROCESSOR_DEFINITIONS = (
					"DEBUG=1",
					"$(inherited)",
				);
				GCC_WARN_64_TO_32_BIT_CONVERSION = YES;
				GCC_WARN_ABOUT_RETURN_TYPE = YES_ERROR;
				GCC_WARN_UNDECLARED_SELECTOR = YES;
				GCC_WARN_UNINITIALIZED_AUTOS = YES_AGGRESSIVE;
				GCC_WARN_UNUSED_FUNCTION = YES;
				GCC_WARN_UNUSED_VARIABLE = YES;
				IPHONEOS_DEPLOYMENT_TARGET = 11.2;
				MTL_ENABLE_DEBUG_INFO = YES;
				ONLY_ACTIVE_ARCH = YES;
				SDKROOT = iphoneos;
				SWIFT_ACTIVE_COMPILATION_CONDITIONS = DEBUG;
				SWIFT_OPTIMIZATION_LEVEL = "-Onone";
			};
			name = Debug;
		};
		EC39A06120C7C41900807D84 /* Release */ = {
			isa = XCBuildConfiguration;
			buildSettings = {
				ALWAYS_SEARCH_USER_PATHS = NO;
				CLANG_ANALYZER_NONNULL = YES;
				CLANG_ANALYZER_NUMBER_OBJECT_CONVERSION = YES_AGGRESSIVE;
				CLANG_CXX_LANGUAGE_STANDARD = "gnu++14";
				CLANG_CXX_LIBRARY = "libc++";
				CLANG_ENABLE_MODULES = YES;
				CLANG_ENABLE_OBJC_ARC = YES;
				CLANG_WARN_BLOCK_CAPTURE_AUTORELEASING = YES;
				CLANG_WARN_BOOL_CONVERSION = YES;
				CLANG_WARN_COMMA = YES;
				CLANG_WARN_CONSTANT_CONVERSION = YES;
				CLANG_WARN_DIRECT_OBJC_ISA_USAGE = YES_ERROR;
				CLANG_WARN_DOCUMENTATION_COMMENTS = YES;
				CLANG_WARN_EMPTY_BODY = YES;
				CLANG_WARN_ENUM_CONVERSION = YES;
				CLANG_WARN_INFINITE_RECURSION = YES;
				CLANG_WARN_INT_CONVERSION = YES;
				CLANG_WARN_NON_LITERAL_NULL_CONVERSION = YES;
				CLANG_WARN_OBJC_LITERAL_CONVERSION = YES;
				CLANG_WARN_OBJC_ROOT_CLASS = YES_ERROR;
				CLANG_WARN_RANGE_LOOP_ANALYSIS = YES;
				CLANG_WARN_STRICT_PROTOTYPES = YES;
				CLANG_WARN_SUSPICIOUS_MOVE = YES;
				CLANG_WARN_UNGUARDED_AVAILABILITY = YES_AGGRESSIVE;
				CLANG_WARN_UNREACHABLE_CODE = YES;
				CLANG_WARN__DUPLICATE_METHOD_MATCH = YES;
				CODE_SIGN_IDENTITY = "iPhone Developer";
				COPY_PHASE_STRIP = NO;
				DEBUG_INFORMATION_FORMAT = "dwarf-with-dsym";
				ENABLE_NS_ASSERTIONS = NO;
				ENABLE_STRICT_OBJC_MSGSEND = YES;
				GCC_C_LANGUAGE_STANDARD = gnu11;
				GCC_NO_COMMON_BLOCKS = YES;
				GCC_WARN_64_TO_32_BIT_CONVERSION = YES;
				GCC_WARN_ABOUT_RETURN_TYPE = YES_ERROR;
				GCC_WARN_UNDECLARED_SELECTOR = YES;
				GCC_WARN_UNINITIALIZED_AUTOS = YES_AGGRESSIVE;
				GCC_WARN_UNUSED_FUNCTION = YES;
				GCC_WARN_UNUSED_VARIABLE = YES;
				IPHONEOS_DEPLOYMENT_TARGET = 11.2;
				MTL_ENABLE_DEBUG_INFO = NO;
				SDKROOT = iphoneos;
				SWIFT_OPTIMIZATION_LEVEL = "-Owholemodule";
				VALIDATE_PRODUCT = YES;
			};
			name = Release;
		};
		EC39A06320C7C41900807D84 /* Debug */ = {
			isa = XCBuildConfiguration;
			buildSettings = {
				ASSETCATALOG_COMPILER_APPICON_NAME = AppIcon;
				CODE_SIGN_STYLE = Automatic;
				DEVELOPMENT_TEAM = CD3D64V8WU;
				INFOPLIST_FILE = Sample/Info.plist;
				LD_RUNPATH_SEARCH_PATHS = "$(inherited) @executable_path/Frameworks";
				PRODUCT_BUNDLE_IDENTIFIER = com.rrd.Sample;
				PRODUCT_NAME = "$(TARGET_NAME)";
				SWIFT_VERSION = 4.0;
				TARGETED_DEVICE_FAMILY = "1,2";
			};
			name = Debug;
		};
		EC39A06420C7C41900807D84 /* Release */ = {
			isa = XCBuildConfiguration;
			buildSettings = {
				ASSETCATALOG_COMPILER_APPICON_NAME = AppIcon;
				CODE_SIGN_STYLE = Automatic;
				DEVELOPMENT_TEAM = CD3D64V8WU;
				INFOPLIST_FILE = Sample/Info.plist;
				LD_RUNPATH_SEARCH_PATHS = "$(inherited) @executable_path/Frameworks";
				PRODUCT_BUNDLE_IDENTIFIER = com.rrd.Sample;
				PRODUCT_NAME = "$(TARGET_NAME)";
				SWIFT_VERSION = 4.0;
				TARGETED_DEVICE_FAMILY = "1,2";
			};
			name = Release;
		};
		EC39A06620C7C41900807D84 /* Debug */ = {
			isa = XCBuildConfiguration;
			buildSettings = {
				ALWAYS_EMBED_SWIFT_STANDARD_LIBRARIES = YES;
				BUNDLE_LOADER = "$(TEST_HOST)";
				CODE_SIGN_STYLE = Automatic;
				DEVELOPMENT_TEAM = CD3D64V8WU;
				INFOPLIST_FILE = SampleTests/Info.plist;
				LD_RUNPATH_SEARCH_PATHS = "$(inherited) @executable_path/Frameworks @loader_path/Frameworks";
				PRODUCT_BUNDLE_IDENTIFIER = com.rrd.SampleTests;
				PRODUCT_NAME = "$(TARGET_NAME)";
				SWIFT_VERSION = 4.0;
				TARGETED_DEVICE_FAMILY = "1,2";
				TEST_HOST = "$(BUILT_PRODUCTS_DIR)/Sample.app/Sample";
			};
			name = Debug;
		};
		EC39A06720C7C41900807D84 /* Release */ = {
			isa = XCBuildConfiguration;
			buildSettings = {
				ALWAYS_EMBED_SWIFT_STANDARD_LIBRARIES = YES;
				BUNDLE_LOADER = "$(TEST_HOST)";
				CODE_SIGN_STYLE = Automatic;
				DEVELOPMENT_TEAM = CD3D64V8WU;
				INFOPLIST_FILE = SampleTests/Info.plist;
				LD_RUNPATH_SEARCH_PATHS = "$(inherited) @executable_path/Frameworks @loader_path/Frameworks";
				PRODUCT_BUNDLE_IDENTIFIER = com.rrd.SampleTests;
				PRODUCT_NAME = "$(TARGET_NAME)";
				SWIFT_VERSION = 4.0;
				TARGETED_DEVICE_FAMILY = "1,2";
				TEST_HOST = "$(BUILT_PRODUCTS_DIR)/Sample.app/Sample";
			};
			name = Release;
		};
		EC39A06920C7C41900807D84 /* Debug */ = {
			isa = XCBuildConfiguration;
			buildSettings = {
				ALWAYS_EMBED_SWIFT_STANDARD_LIBRARIES = YES;
				CODE_SIGN_STYLE = Automatic;
				DEVELOPMENT_TEAM = CD3D64V8WU;
				INFOPLIST_FILE = SampleUITests/Info.plist;
				LD_RUNPATH_SEARCH_PATHS = "$(inherited) @executable_path/Frameworks @loader_path/Frameworks";
				PRODUCT_BUNDLE_IDENTIFIER = com.rrd.SampleUITests;
				PRODUCT_NAME = "$(TARGET_NAME)";
				SWIFT_VERSION = 4.0;
				TARGETED_DEVICE_FAMILY = "1,2";
				TEST_TARGET_NAME = Sample;
			};
			name = Debug;
		};
		EC39A06A20C7C41900807D84 /* Release */ = {
			isa = XCBuildConfiguration;
			buildSettings = {
				ALWAYS_EMBED_SWIFT_STANDARD_LIBRARIES = YES;
				CODE_SIGN_STYLE = Automatic;
				DEVELOPMENT_TEAM = CD3D64V8WU;
				INFOPLIST_FILE = SampleUITests/Info.plist;
				LD_RUNPATH_SEARCH_PATHS = "$(inherited) @executable_path/Frameworks @loader_path/Frameworks";
				PRODUCT_BUNDLE_IDENTIFIER = com.rrd.SampleUITests;
				PRODUCT_NAME = "$(TARGET_NAME)";
				SWIFT_VERSION = 4.0;
				TARGETED_DEVICE_FAMILY = "1,2";
				TEST_TARGET_NAME = Sample;
			};
			name = Release;
		};
/* End XCBuildConfiguration section */

/* Begin XCConfigurationList section */
		EC39A03520C7C41900807D84 /* Build configuration list for PBXProject "Sample" */ = {
			isa = XCConfigurationList;
			buildConfigurations = (
				EC39A06020C7C41900807D84 /* Debug */,
				EC39A06120C7C41900807D84 /* Release */,
			);
			defaultConfigurationIsVisible = 0;
			defaultConfigurationName = Release;
		};
		EC39A06220C7C41900807D84 /* Build configuration list for PBXNativeTarget "Sample" */ = {
			isa = XCConfigurationList;
			buildConfigurations = (
				EC39A06320C7C41900807D84 /* Debug */,
				EC39A06420C7C41900807D84 /* Release */,
			);
			defaultConfigurationIsVisible = 0;
			defaultConfigurationName = Release;
		};
		EC39A06520C7C41900807D84 /* Build configuration list for PBXNativeTarget "SampleTests" */ = {
			isa = XCConfigurationList;
			buildConfigurations = (
				EC39A06620C7C41900807D84 /* Debug */,
				EC39A06720C7C41900807D84 /* Release */,
			);
			defaultConfigurationIsVisible = 0;
			defaultConfigurationName = Release;
		};
		EC39A06820C7C41900807D84 /* Build configuration list for PBXNativeTarget "SampleUITests" */ = {
			isa = XCConfigurationList;
			buildConfigurations = (
				EC39A06920C7C41900807D84 /* Debug */,
				EC39A06A20C7C41900807D84 /* Release */,
			);
			defaultConfigurationIsVisible = 0;
			defaultConfigurationName = Release;
		};
/* End XCConfigurationList section */
	};
	rootObject = EC39A03220C7C41900807D84 /* Project object */;
}
